
Microsoft Visual Studio Solution File, Format Version 12.00
# Visual Studio 15
Project("{FAE04EC0-301F-11D3-BF4B-00C04F79EFBC}") = "iskNasty", "iskNasty\iskNasty.csproj", "{45C2FB78-C0DB-42D1-B4B9-C5FB352E8309}"
EndProject
Global
	GlobalSection(SolutionConfigurationPlatforms) = preSolution
		Debug|Any CPU = Debug|Any CPU
		Release|Any CPU = Release|Any CPU
	EndGlobalSection
	GlobalSection(ProjectConfigurationPlatforms) = postSolution
		{45C2FB78-C0DB-42D1-B4B9-C5FB352E8309}.Debug|Any CPU.ActiveCfg = Debug|Any CPU
		{45C2FB78-C0DB-42D1-B4B9-C5FB352E8309}.Debug|Any CPU.Build.0 = Debug|Any CPU
		{45C2FB78-C0DB-42D1-B4B9-C5FB352E8309}.Release|Any CPU.ActiveCfg = Release|Any CPU
		{45C2FB78-C0DB-42D1-B4B9-C5FB352E8309}.Release|Any CPU.Build.0 = Release|Any CPU
	EndGlobalSection
EndGlobal
